
Microsoft Visual Studio Solution File, Format Version 12.00
# Visual Studio Version 16
VisualStudioVersion = 16.0.28803.202
MinimumVisualStudioVersion = 10.0.40219.1
Project("{FAE04EC0-301F-11D3-BF4B-00C04F79EFBC}") = "xrFPmodule", "xrFPmodule\xrFPmodule.csproj", "{8CFD605D-F6A5-47A7-B290-4A97EF414C4F}"
EndProject
Project("{FAE04EC0-301F-11D3-BF4B-00C04F79EFBC}") = "xrFPServer", "xrFPServer\xrFPServer.csproj", "{FE6DAF84-5BC3-4B8E-94BB-E539B2DD14AF}"
EndProject
Project("{FAE04EC0-301F-11D3-BF4B-00C04F79EFBC}") = "xrFPConsole", "xrFPConsole\xrFPConsole.csproj", "{529BB79B-44DB-443B-B04E-1A5F6ECBEA0F}"
EndProject
Global
	GlobalSection(SolutionConfigurationPlatforms) = preSolution
		Debug|Any CPU = Debug|Any CPU
		Release|Any CPU = Release|Any CPU
	EndGlobalSection
	GlobalSection(ProjectConfigurationPlatforms) = postSolution
		{8CFD605D-F6A5-47A7-B290-4A97EF414C4F}.Debug|Any CPU.ActiveCfg = Debug|Any CPU
		{8CFD605D-F6A5-47A7-B290-4A97EF414C4F}.Debug|Any CPU.Build.0 = Debug|Any CPU
		{8CFD605D-F6A5-47A7-B290-4A97EF414C4F}.Release|Any CPU.ActiveCfg = Release|Any CPU
		{8CFD605D-F6A5-47A7-B290-4A97EF414C4F}.Release|Any CPU.Build.0 = Release|Any CPU
		{FE6DAF84-5BC3-4B8E-94BB-E539B2DD14AF}.Debug|Any CPU.ActiveCfg = Debug|Any CPU
		{FE6DAF84-5BC3-4B8E-94BB-E539B2DD14AF}.Debug|Any CPU.Build.0 = Debug|Any CPU
		{FE6DAF84-5BC3-4B8E-94BB-E539B2DD14AF}.Release|Any CPU.ActiveCfg = Release|Any CPU
		{FE6DAF84-5BC3-4B8E-94BB-E539B2DD14AF}.Release|Any CPU.Build.0 = Release|Any CPU
		{529BB79B-44DB-443B-B04E-1A5F6ECBEA0F}.Debug|Any CPU.ActiveCfg = Debug|Any CPU
		{529BB79B-44DB-443B-B04E-1A5F6ECBEA0F}.Debug|Any CPU.Build.0 = Debug|Any CPU
		{529BB79B-44DB-443B-B04E-1A5F6ECBEA0F}.Release|Any CPU.ActiveCfg = Release|Any CPU
		{529BB79B-44DB-443B-B04E-1A5F6ECBEA0F}.Release|Any CPU.Build.0 = Release|Any CPU
	EndGlobalSection
	GlobalSection(SolutionProperties) = preSolution
		HideSolutionNode = FALSE
	EndGlobalSection
	GlobalSection(ExtensibilityGlobals) = postSolution
		SolutionGuid = {34917C6F-074A-4992-9A25-EC999DB5E986}
	EndGlobalSection
EndGlobal
